
Microsoft Visual Studio Solution File, Format Version 12.00
# Visual Studio Version 16
VisualStudioVersion = 16.0.30104.148
MinimumVisualStudioVersion = 10.0.40219.1
Project("{FAE04EC0-301F-11D3-BF4B-00C04F79EFBC}") = "FozzyTestTask", "FozzyTestTask\FozzyTestTask.csproj", "{6182A751-1F0C-42DC-9258-587F525D6F38}"
EndProject
Global
	GlobalSection(SolutionConfigurationPlatforms) = preSolution
		Debug|Any CPU = Debug|Any CPU
		Release|Any CPU = Release|Any CPU
	EndGlobalSection
	GlobalSection(ProjectConfigurationPlatforms) = postSolution
		{6182A751-1F0C-42DC-9258-587F525D6F38}.Debug|Any CPU.ActiveCfg = Debug|Any CPU
		{6182A751-1F0C-42DC-9258-587F525D6F38}.Debug|Any CPU.Build.0 = Debug|Any CPU
		{6182A751-1F0C-42DC-9258-587F525D6F38}.Release|Any CPU.ActiveCfg = Release|Any CPU
		{6182A751-1F0C-42DC-9258-587F525D6F38}.Release|Any CPU.Build.0 = Release|Any CPU
	EndGlobalSection
	GlobalSection(SolutionProperties) = preSolution
		HideSolutionNode = FALSE
	EndGlobalSection
	GlobalSection(ExtensibilityGlobals) = postSolution
		SolutionGuid = {CE58E120-6D70-495D-82B8-9E30BF897FB0}
	EndGlobalSection
EndGlobal
